
Microsoft Visual Studio Solution File, Format Version 12.00
# Visual Studio 14
VisualStudioVersion = 14.0.25420.1
MinimumVisualStudioVersion = 10.0.40219.1
Project("{2150E333-8FDC-42A3-9474-1A3956D46DE8}") = "Projects", "Projects", "{BC63D103-9947-4C9F-9463-9D899CB583CF}"
EndProject
Project("{FAE04EC0-301F-11D3-BF4B-00C04F79EFBC}") = "Asteroids", "Asteroids\Asteroids.csproj", "{59E1C61F-4A18-4241-BD57-93345EACF08E}"
EndProject
Global
	GlobalSection(SolutionConfigurationPlatforms) = preSolution
		Debug|Any CPU = Debug|Any CPU
		Release|Any CPU = Release|Any CPU
	EndGlobalSection
	GlobalSection(ProjectConfigurationPlatforms) = postSolution
		{59E1C61F-4A18-4241-BD57-93345EACF08E}.Debug|Any CPU.ActiveCfg = Debug|Any CPU
		{59E1C61F-4A18-4241-BD57-93345EACF08E}.Debug|Any CPU.Build.0 = Debug|Any CPU
		{59E1C61F-4A18-4241-BD57-93345EACF08E}.Release|Any CPU.ActiveCfg = Release|Any CPU
		{59E1C61F-4A18-4241-BD57-93345EACF08E}.Release|Any CPU.Build.0 = Release|Any CPU
	EndGlobalSection
	GlobalSection(SolutionProperties) = preSolution
		HideSolutionNode = FALSE
	EndGlobalSection
	GlobalSection(NestedProjects) = preSolution
		{59E1C61F-4A18-4241-BD57-93345EACF08E} = {BC63D103-9947-4C9F-9463-9D899CB583CF}
	EndGlobalSection
	GlobalSection(ExtensibilityGlobals) = postSolution
		SolutionGuid = {0065EDDB-83F1-4E39-8E5E-13ED9EFC4F5D}
	EndGlobalSection
EndGlobal
