
Microsoft Visual Studio Solution File, Format Version 12.00
# Visual Studio Version 16
VisualStudioVersion = 16.0.30907.101
MinimumVisualStudioVersion = 10.0.40219.1
Project("{FAE04EC0-301F-11D3-BF4B-00C04F79EFBC}") = "Udvoitel", "Udvoitel\Udvoitel.csproj", "{755B4F91-148F-48D5-A616-5892B1421B71}"
EndProject
Global
	GlobalSection(SolutionConfigurationPlatforms) = preSolution
		Debug|Any CPU = Debug|Any CPU
		Release|Any CPU = Release|Any CPU
	EndGlobalSection
	GlobalSection(ProjectConfigurationPlatforms) = postSolution
		{755B4F91-148F-48D5-A616-5892B1421B71}.Debug|Any CPU.ActiveCfg = Debug|Any CPU
		{755B4F91-148F-48D5-A616-5892B1421B71}.Debug|Any CPU.Build.0 = Debug|Any CPU
		{755B4F91-148F-48D5-A616-5892B1421B71}.Release|Any CPU.ActiveCfg = Release|Any CPU
		{755B4F91-148F-48D5-A616-5892B1421B71}.Release|Any CPU.Build.0 = Release|Any CPU
	EndGlobalSection
	GlobalSection(SolutionProperties) = preSolution
		HideSolutionNode = FALSE
	EndGlobalSection
	GlobalSection(ExtensibilityGlobals) = postSolution
		SolutionGuid = {AC484E12-7E13-49B8-92E7-A66B43FC0550}
	EndGlobalSection
EndGlobal
