
Microsoft Visual Studio Solution File, Format Version 12.00
# Visual Studio 15
VisualStudioVersion = 15.0.28307.1321
MinimumVisualStudioVersion = 10.0.40219.1
Project("{FAE04EC0-301F-11D3-BF4B-00C04F79EFBC}") = "Asteroids", "MyGame_Forms\Asteroids\Asteroids.csproj", "{59E1C61F-4A18-4241-BD57-93345EACF08E}"
EndProject
Project("{FAE04EC0-301F-11D3-BF4B-00C04F79EFBC}") = "GenericDelegate_Lesson3", "GenericDelegate2_Lesson3\GenericDelegate_Lesson3.csproj", "{613A1DEA-4FAC-402E-99F5-5C8156318D67}"
EndProject
Global
	GlobalSection(SolutionConfigurationPlatforms) = preSolution
		Debug|Any CPU = Debug|Any CPU
		Release|Any CPU = Release|Any CPU
	EndGlobalSection
	GlobalSection(ProjectConfigurationPlatforms) = postSolution
		{59E1C61F-4A18-4241-BD57-93345EACF08E}.Debug|Any CPU.ActiveCfg = Debug|Any CPU
		{59E1C61F-4A18-4241-BD57-93345EACF08E}.Debug|Any CPU.Build.0 = Debug|Any CPU
		{59E1C61F-4A18-4241-BD57-93345EACF08E}.Release|Any CPU.ActiveCfg = Release|Any CPU
		{59E1C61F-4A18-4241-BD57-93345EACF08E}.Release|Any CPU.Build.0 = Release|Any CPU
		{613A1DEA-4FAC-402E-99F5-5C8156318D67}.Debug|Any CPU.ActiveCfg = Debug|Any CPU
		{613A1DEA-4FAC-402E-99F5-5C8156318D67}.Debug|Any CPU.Build.0 = Debug|Any CPU
		{613A1DEA-4FAC-402E-99F5-5C8156318D67}.Release|Any CPU.ActiveCfg = Release|Any CPU
		{613A1DEA-4FAC-402E-99F5-5C8156318D67}.Release|Any CPU.Build.0 = Release|Any CPU
	EndGlobalSection
	GlobalSection(SolutionProperties) = preSolution
		HideSolutionNode = FALSE
	EndGlobalSection
	GlobalSection(ExtensibilityGlobals) = postSolution
		SolutionGuid = {EC73E22C-B5F0-411B-B193-8A89E788CC23}
	EndGlobalSection
EndGlobal
